
Microsoft Visual Studio Solution File, Format Version 12.00
# Visual Studio 15
Project("{FAE04EC0-301F-11D3-BF4B-00C04F79EFBC}") = "code_test_c_sharp", "code_test_c_sharp\code_test_c_sharp.csproj", "{FF72A55A-5F94-4CA2-86A4-54D24279B54A}"
EndProject
Project("{FAE04EC0-301F-11D3-BF4B-00C04F79EFBC}") = "ProductDataAccess", "ProductDataAccess\ProductDataAccess.csproj", "{A76AC862-10E1-489D-A3D7-FEA46E45CF2D}"
EndProject
Global
	GlobalSection(SolutionConfigurationPlatforms) = preSolution
		Debug|Any CPU = Debug|Any CPU
		Release|Any CPU = Release|Any CPU
	EndGlobalSection
	GlobalSection(ProjectConfigurationPlatforms) = postSolution
		{FF72A55A-5F94-4CA2-86A4-54D24279B54A}.Debug|Any CPU.ActiveCfg = Debug|Any CPU
		{FF72A55A-5F94-4CA2-86A4-54D24279B54A}.Debug|Any CPU.Build.0 = Debug|Any CPU
		{FF72A55A-5F94-4CA2-86A4-54D24279B54A}.Release|Any CPU.ActiveCfg = Release|Any CPU
		{FF72A55A-5F94-4CA2-86A4-54D24279B54A}.Release|Any CPU.Build.0 = Release|Any CPU
		{A76AC862-10E1-489D-A3D7-FEA46E45CF2D}.Debug|Any CPU.ActiveCfg = Debug|Any CPU
		{A76AC862-10E1-489D-A3D7-FEA46E45CF2D}.Debug|Any CPU.Build.0 = Debug|Any CPU
		{A76AC862-10E1-489D-A3D7-FEA46E45CF2D}.Release|Any CPU.ActiveCfg = Release|Any CPU
		{A76AC862-10E1-489D-A3D7-FEA46E45CF2D}.Release|Any CPU.Build.0 = Release|Any CPU
	EndGlobalSection
EndGlobal
